// !$*UTF8*$!
{
	archiveVersion = 1;
	classes = {
	};
	objectVersion = 46;
	objects = {

/* Begin PBXBuildFile section */
		035652001A088F9100AEFC17 /* main.m in Sources */ = {isa = PBXBuildFile; fileRef = 035651FF1A088F9100AEFC17 /* main.m */; };
		035652031A088F9100AEFC17 /* AppDelegate.m in Sources */ = {isa = PBXBuildFile; fileRef = 035652021A088F9100AEFC17 /* AppDelegate.m */; };
		035652061A088F9100AEFC17 /* ViewController.m in Sources */ = {isa = PBXBuildFile; fileRef = 035652051A088F9100AEFC17 /* ViewController.m */; };
		035652091A088F9100AEFC17 /* Main.storyboard in Resources */ = {isa = PBXBuildFile; fileRef = 035652071A088F9100AEFC17 /* Main.storyboard */; };
		0356520B1A088F9100AEFC17 /* Images.xcassets in Resources */ = {isa = PBXBuildFile; fileRef = 0356520A1A088F9100AEFC17 /* Images.xcassets */; };
		0356520E1A088F9100AEFC17 /* LaunchScreen.xib in Resources */ = {isa = PBXBuildFile; fileRef = 0356520C1A088F9100AEFC17 /* LaunchScreen.xib */; };
		0356521A1A088F9100AEFC17 /* SafeZoneLauncherTests.m in Sources */ = {isa = PBXBuildFile; fileRef = 035652191A088F9100AEFC17 /* SafeZoneLauncherTests.m */; };
/* End PBXBuildFile section */

/* Begin PBXContainerItemProxy section */
		035652141A088F9100AEFC17 /* PBXContainerItemProxy */ = {
			isa = PBXContainerItemProxy;
			containerPortal = 035651F21A088F9100AEFC17 /* Project object */;
			proxyType = 1;
			remoteGlobalIDString = 035651F91A088F9100AEFC17;
			remoteInfo = SafeZoneLauncher;
		};
/* End PBXContainerItemProxy section */

/* Begin PBXFileReference section */
		035651FA1A088F9100AEFC17 /* SafeZoneLauncher.app */ = {isa = PBXFileReference; explicitFileType = wrapper.application; includeInIndex = 0; path = SafeZoneLauncher.app; sourceTree = BUILT_PRODUCTS_DIR; };
		035651FE1A088F9100AEFC17 /* Info.plist */ = {isa = PBXFileReference; lastKnownFileType = text.plist.xml; path = Info.plist; sourceTree = "<group>"; };
		035651FF1A088F9100AEFC17 /* main.m */ = {isa = PBXFileReference; lastKnownFileType = sourcecode.c.objc; path = main.m; sourceTree = "<group>"; };
		035652011A088F9100AEFC17 /* AppDelegate.h */ = {isa = PBXFileReference; lastKnownFileType = sourcecode.c.h; path = AppDelegate.h; sourceTree = "<group>"; };
		035652021A088F9100AEFC17 /* AppDelegate.m */ = {isa = PBXFileReference; lastKnownFileType = sourcecode.c.objc; path = AppDelegate.m; sourceTree = "<group>"; };
		035652041A088F9100AEFC17 /* ViewController.h */ = {isa = PBXFileReference; lastKnownFileType = sourcecode.c.h; path = ViewController.h; sourceTree = "<group>"; };
		035652051A088F9100AEFC17 /* ViewController.m */ = {isa = PBXFileReference; lastKnownFileType = sourcecode.c.objc; path = ViewController.m; sourceTree = "<group>"; };
		035652081A088F9100AEFC17 /* Base */ = {isa = PBXFileReference; lastKnownFileType = file.storyboard; name = Base; path = Base.lproj/Main.storyboard; sourceTree = "<group>"; };
		0356520A1A088F9100AEFC17 /* Images.xcassets */ = {isa = PBXFileReference; lastKnownFileType = folder.assetcatalog; path = Images.xcassets; sourceTree = "<group>"; };
		0356520D1A088F9100AEFC17 /* Base */ = {isa = PBXFileReference; lastKnownFileType = file.xib; name = Base; path = Base.lproj/LaunchScreen.xib; sourceTree = "<group>"; };
		035652131A088F9100AEFC17 /* SafeZoneLauncherTests.xctest */ = {isa = PBXFileReference; explicitFileType = wrapper.cfbundle; includeInIndex = 0; path = SafeZoneLauncherTests.xctest; sourceTree = BUILT_PRODUCTS_DIR; };
		035652181A088F9100AEFC17 /* Info.plist */ = {isa = PBXFileReference; lastKnownFileType = text.plist.xml; path = Info.plist; sourceTree = "<group>"; };
		035652191A088F9100AEFC17 /* SafeZoneLauncherTests.m */ = {isa = PBXFileReference; lastKnownFileType = sourcecode.c.objc; path = SafeZoneLauncherTests.m; sourceTree = "<group>"; };
/* End PBXFileReference section */

/* Begin PBXFrameworksBuildPhase section */
		035651F71A088F9100AEFC17 /* Frameworks */ = {
			isa = PBXFrameworksBuildPhase;
			buildActionMask = 2147483647;
			files = (
			);
			runOnlyForDeploymentPostprocessing = 0;
		};
		035652101A088F9100AEFC17 /* Frameworks */ = {
			isa = PBXFrameworksBuildPhase;
			buildActionMask = 2147483647;
			files = (
			);
			runOnlyForDeploymentPostprocessing = 0;
		};
/* End PBXFrameworksBuildPhase section */

/* Begin PBXGroup section */
		035651F11A088F9100AEFC17 = {
			isa = PBXGroup;
			children = (
				035651FC1A088F9100AEFC17 /* SafeZoneLauncher */,
				035652161A088F9100AEFC17 /* SafeZoneLauncherTests */,
				035651FB1A088F9100AEFC17 /* Products */,
			);
			sourceTree = "<group>";
		};
		035651FB1A088F9100AEFC17 /* Products */ = {
			isa = PBXGroup;
			children = (
				035651FA1A088F9100AEFC17 /* SafeZoneLauncher.app */,
				035652131A088F9100AEFC17 /* SafeZoneLauncherTests.xctest */,
			);
			name = Products;
			sourceTree = "<group>";
		};
		035651FC1A088F9100AEFC17 /* SafeZoneLauncher */ = {
			isa = PBXGroup;
			children = (
				035652011A088F9100AEFC17 /* AppDelegate.h */,
				035652021A088F9100AEFC17 /* AppDelegate.m */,
				035652041A088F9100AEFC17 /* ViewController.h */,
				035652051A088F9100AEFC17 /* ViewController.m */,
				035652071A088F9100AEFC17 /* Main.storyboard */,
				0356520A1A088F9100AEFC17 /* Images.xcassets */,
				0356520C1A088F9100AEFC17 /* LaunchScreen.xib */,
				035651FD1A088F9100AEFC17 /* Supporting Files */,
			);
			path = SafeZoneLauncher;
			sourceTree = "<group>";
		};
		035651FD1A088F9100AEFC17 /* Supporting Files */ = {
			isa = PBXGroup;
			children = (
				035651FE1A088F9100AEFC17 /* Info.plist */,
				035651FF1A088F9100AEFC17 /* main.m */,
			);
			name = "Supporting Files";
			sourceTree = "<group>";
		};
		035652161A088F9100AEFC17 /* SafeZoneLauncherTests */ = {
			isa = PBXGroup;
			children = (
				035652191A088F9100AEFC17 /* SafeZoneLauncherTests.m */,
				035652171A088F9100AEFC17 /* Supporting Files */,
			);
			path = SafeZoneLauncherTests;
			sourceTree = "<group>";
		};
		035652171A088F9100AEFC17 /* Supporting Files */ = {
			isa = PBXGroup;
			children = (
				035652181A088F9100AEFC17 /* Info.plist */,
			);
			name = "Supporting Files";
			sourceTree = "<group>";
		};
/* End PBXGroup section */

/* Begin PBXNativeTarget section */
		035651F91A088F9100AEFC17 /* SafeZoneLauncher */ = {
			isa = PBXNativeTarget;
			buildConfigurationList = 0356521D1A088F9100AEFC17 /* Build configuration list for PBXNativeTarget "SafeZoneLauncher" */;
			buildPhases = (
				035651F61A088F9100AEFC17 /* Sources */,
				035651F71A088F9100AEFC17 /* Frameworks */,
				035651F81A088F9100AEFC17 /* Resources */,
			);
			buildRules = (
			);
			dependencies = (
			);
			name = SafeZoneLauncher;
			productName = SafeZoneLauncher;
			productReference = 035651FA1A088F9100AEFC17 /* SafeZoneLauncher.app */;
			productType = "com.apple.product-type.application";
		};
		035652121A088F9100AEFC17 /* SafeZoneLauncherTests */ = {
			isa = PBXNativeTarget;
			buildConfigurationList = 035652201A088F9100AEFC17 /* Build configuration list for PBXNativeTarget "SafeZoneLauncherTests" */;
			buildPhases = (
				0356520F1A088F9100AEFC17 /* Sources */,
				035652101A088F9100AEFC17 /* Frameworks */,
				035652111A088F9100AEFC17 /* Resources */,
			);
			buildRules = (
			);
			dependencies = (
				035652151A088F9100AEFC17 /* PBXTargetDependency */,
			);
			name = SafeZoneLauncherTests;
			productName = SafeZoneLauncherTests;
			productReference = 035652131A088F9100AEFC17 /* SafeZoneLauncherTests.xctest */;
			productType = "com.apple.product-type.bundle.unit-test";
		};
/* End PBXNativeTarget section */

/* Begin PBXProject section */
		035651F21A088F9100AEFC17 /* Project object */ = {
			isa = PBXProject;
			attributes = {
				LastUpgradeCheck = 0610;
				ORGANIZATIONNAME = "CriticalArc Pty Ltd";
				TargetAttributes = {
					035651F91A088F9100AEFC17 = {
						CreatedOnToolsVersion = 6.1;
					};
					035652121A088F9100AEFC17 = {
						CreatedOnToolsVersion = 6.1;
						TestTargetID = 035651F91A088F9100AEFC17;
					};
				};
			};
			buildConfigurationList = 035651F51A088F9100AEFC17 /* Build configuration list for PBXProject "SafeZoneLauncher" */;
			compatibilityVersion = "Xcode 3.2";
			developmentRegion = English;
			hasScannedForEncodings = 0;
			knownRegions = (
				en,
				Base,
			);
			mainGroup = 035651F11A088F9100AEFC17;
			productRefGroup = 035651FB1A088F9100AEFC17 /* Products */;
			projectDirPath = "";
			projectRoot = "";
			targets = (
				035651F91A088F9100AEFC17 /* SafeZoneLauncher */,
				035652121A088F9100AEFC17 /* SafeZoneLauncherTests */,
			);
		};
/* End PBXProject section */

/* Begin PBXResourcesBuildPhase section */
		035651F81A088F9100AEFC17 /* Resources */ = {
			isa = PBXResourcesBuildPhase;
			buildActionMask = 2147483647;
			files = (
				035652091A088F9100AEFC17 /* Main.storyboard in Resources */,
				0356520E1A088F9100AEFC17 /* LaunchScreen.xib in Resources */,
				0356520B1A088F9100AEFC17 /* Images.xcassets in Resources */,
			);
			runOnlyForDeploymentPostprocessing = 0;
		};
		035652111A088F9100AEFC17 /* Resources */ = {
			isa = PBXResourcesBuildPhase;
			buildActionMask = 2147483647;
			files = (
			);
			runOnlyForDeploymentPostprocessing = 0;
		};
/* End PBXResourcesBuildPhase section */

/* Begin PBXSourcesBuildPhase section */
		035651F61A088F9100AEFC17 /* Sources */ = {
			isa = PBXSourcesBuildPhase;
			buildActionMask = 2147483647;
			files = (
				035652061A088F9100AEFC17 /* ViewController.m in Sources */,
				035652031A088F9100AEFC17 /* AppDelegate.m in Sources */,
				035652001A088F9100AEFC17 /* main.m in Sources */,
			);
			runOnlyForDeploymentPostprocessing = 0;
		};
		0356520F1A088F9100AEFC17 /* Sources */ = {
			isa = PBXSourcesBuildPhase;
			buildActionMask = 2147483647;
			files = (
				0356521A1A088F9100AEFC17 /* SafeZoneLauncherTests.m in Sources */,
			);
			runOnlyForDeploymentPostprocessing = 0;
		};
/* End PBXSourcesBuildPhase section */

/* Begin PBXTargetDependency section */
		035652151A088F9100AEFC17 /* PBXTargetDependency */ = {
			isa = PBXTargetDependency;
			target = 035651F91A088F9100AEFC17 /* SafeZoneLauncher */;
			targetProxy = 035652141A088F9100AEFC17 /* PBXContainerItemProxy */;
		};
/* End PBXTargetDependency section */

/* Begin PBXVariantGroup section */
		035652071A088F9100AEFC17 /* Main.storyboard */ = {
			isa = PBXVariantGroup;
			children = (
				035652081A088F9100AEFC17 /* Base */,
			);
			name = Main.storyboard;
			sourceTree = "<group>";
		};
		0356520C1A088F9100AEFC17 /* LaunchScreen.xib */ = {
			isa = PBXVariantGroup;
			children = (
				0356520D1A088F9100AEFC17 /* Base */,
			);
			name = LaunchScreen.xib;
			sourceTree = "<group>";
		};
/* End PBXVariantGroup section */

/* Begin XCBuildConfiguration section */
		0356521B1A088F9100AEFC17 /* Debug */ = {
			isa = XCBuildConfiguration;
			buildSettings = {
				ALWAYS_SEARCH_USER_PATHS = NO;
				CLANG_CXX_LANGUAGE_STANDARD = "gnu++0x";
				CLANG_CXX_LIBRARY = "libc++";
				CLANG_ENABLE_MODULES = YES;
				CLANG_ENABLE_OBJC_ARC = YES;
				CLANG_WARN_BOOL_CONVERSION = YES;
				CLANG_WARN_CONSTANT_CONVERSION = YES;
				CLANG_WARN_DIRECT_OBJC_ISA_USAGE = YES_ERROR;
				CLANG_WARN_EMPTY_BODY = YES;
				CLANG_WARN_ENUM_CONVERSION = YES;
				CLANG_WARN_INT_CONVERSION = YES;
				CLANG_WARN_OBJC_ROOT_CLASS = YES_ERROR;
				CLANG_WARN_UNREACHABLE_CODE = YES;
				CLANG_WARN__DUPLICATE_METHOD_MATCH = YES;
				"CODE_SIGN_IDENTITY[sdk=iphoneos*]" = "iPhone Developer";
				COPY_PHASE_STRIP = NO;
				ENABLE_STRICT_OBJC_MSGSEND = YES;
				GCC_C_LANGUAGE_STANDARD = gnu99;
				GCC_DYNAMIC_NO_PIC = NO;
				GCC_OPTIMIZATION_LEVEL = 0;
				GCC_PREPROCESSOR_DEFINITIONS = (
					"DEBUG=1",
					"$(inherited)",
				);
				GCC_SYMBOLS_PRIVATE_EXTERN = NO;
				GCC_WARN_64_TO_32_BIT_CONVERSION = YES;
				GCC_WARN_ABOUT_RETURN_TYPE = YES_ERROR;
				GCC_WARN_UNDECLARED_SELECTOR = YES;
				GCC_WARN_UNINITIALIZED_AUTOS = YES_AGGRESSIVE;
				GCC_WARN_UNUSED_FUNCTION = YES;
				GCC_WARN_UNUSED_VARIABLE = YES;
				IPHONEOS_DEPLOYMENT_TARGET = 8.1;
				MTL_ENABLE_DEBUG_INFO = YES;
				ONLY_ACTIVE_ARCH = YES;
				SDKROOT = iphoneos;
			};
			name = Debug;
		};
		0356521C1A088F9100AEFC17 /* Release */ = {
			isa = XCBuildConfiguration;
			buildSettings = {
				ALWAYS_SEARCH_USER_PATHS = NO;
				CLANG_CXX_LANGUAGE_STANDARD = "gnu++0x";
				CLANG_CXX_LIBRARY = "libc++";
				CLANG_ENABLE_MODULES = YES;
				CLANG_ENABLE_OBJC_ARC = YES;
				CLANG_WARN_BOOL_CONVERSION = YES;
				CLANG_WARN_CONSTANT_CONVERSION = YES;
				CLANG_WARN_DIRECT_OBJC_ISA_USAGE = YES_ERROR;
				CLANG_WARN_EMPTY_BODY = YES;
				CLANG_WARN_ENUM_CONVERSION = YES;
				CLANG_WARN_INT_CONVERSION = YES;
				CLANG_WARN_OBJC_ROOT_CLASS = YES_ERROR;
				CLANG_WARN_UNREACHABLE_CODE = YES;
				CLANG_WARN__DUPLICATE_METHOD_MATCH = YES;
				"CODE_SIGN_IDENTITY[sdk=iphoneos*]" = "iPhone Developer";
				COPY_PHASE_STRIP = YES;
				ENABLE_NS_ASSERTIONS = NO;
				ENABLE_STRICT_OBJC_MSGSEND = YES;
				GCC_C_LANGUAGE_STANDARD = gnu99;
				GCC_WARN_64_TO_32_BIT_CONVERSION = YES;
				GCC_WARN_ABOUT_RETURN_TYPE = YES_ERROR;
				GCC_WARN_UNDECLARED_SELECTOR = YES;
				GCC_WARN_UNINITIALIZED_AUTOS = YES_AGGRESSIVE;
				GCC_WARN_UNUSED_FUNCTION = YES;
				GCC_WARN_UNUSED_VARIABLE = YES;
				IPHONEOS_DEPLOYMENT_TARGET = 8.1;
				MTL_ENABLE_DEBUG_INFO = NO;
				SDKROOT = iphoneos;
				VALIDATE_PRODUCT = YES;
			};
			name = Release;
		};
		0356521E1A088F9100AEFC17 /* Debug */ = {
			isa = XCBuildConfiguration;
			buildSettings = {
				ASSETCATALOG_COMPILER_APPICON_NAME = AppIcon;
				INFOPLIST_FILE = SafeZoneLauncher/Info.plist;
				LD_RUNPATH_SEARCH_PATHS = "$(inherited) @executable_path/Frameworks";
				PRODUCT_NAME = "$(TARGET_NAME)";
			};
			name = Debug;
		};
		0356521F1A088F9100AEFC17 /* Release */ = {
			isa = XCBuildConfiguration;
			buildSettings = {
				ASSETCATALOG_COMPILER_APPICON_NAME = AppIcon;
				INFOPLIST_FILE = SafeZoneLauncher/Info.plist;
				LD_RUNPATH_SEARCH_PATHS = "$(inherited) @executable_path/Frameworks";
				PRODUCT_NAME = "$(TARGET_NAME)";
			};
			name = Release;
		};
		035652211A088F9100AEFC17 /* Debug */ = {
			isa = XCBuildConfiguration;
			buildSettings = {
				BUNDLE_LOADER = "$(TEST_HOST)";
				FRAMEWORK_SEARCH_PATHS = (
					"$(SDKROOT)/Developer/Library/Frameworks",
					"$(inherited)",
				);
				GCC_PREPROCESSOR_DEFINITIONS = (
					"DEBUG=1",
					"$(inherited)",
				);
				INFOPLIST_FILE = SafeZoneLauncherTests/Info.plist;
				LD_RUNPATH_SEARCH_PATHS = "$(inherited) @executable_path/Frameworks @loader_path/Frameworks";
				PRODUCT_NAME = "$(TARGET_NAME)";
				TEST_HOST = "$(BUILT_PRODUCTS_DIR)/SafeZoneLauncher.app/SafeZoneLauncher";
			};
			name = Debug;
		};
		035652221A088F9100AEFC17 /* Release */ = {
			isa = XCBuildConfiguration;
			buildSettings = {
				BUNDLE_LOADER = "$(TEST_HOST)";
				FRAMEWORK_SEARCH_PATHS = (
					"$(SDKROOT)/Developer/Library/Frameworks",
					"$(inherited)",
				);
				INFOPLIST_FILE = SafeZoneLauncherTests/Info.plist;
				LD_RUNPATH_SEARCH_PATHS = "$(inherited) @executable_path/Frameworks @loader_path/Frameworks";
				PRODUCT_NAME = "$(TARGET_NAME)";
				TEST_HOST = "$(BUILT_PRODUCTS_DIR)/SafeZoneLauncher.app/SafeZoneLauncher";
			};
			name = Release;
		};
/* End XCBuildConfiguration section */

/* Begin XCConfigurationList section */
		035651F51A088F9100AEFC17 /* Build configuration list for PBXProject "SafeZoneLauncher" */ = {
			isa = XCConfigurationList;
			buildConfigurations = (
				0356521B1A088F9100AEFC17 /* Debug */,
				0356521C1A088F9100AEFC17 /* Release */,
			);
			defaultConfigurationIsVisible = 0;
			defaultConfigurationName = Release;
		};
		0356521D1A088F9100AEFC17 /* Build configuration list for PBXNativeTarget "SafeZoneLauncher" */ = {
			isa = XCConfigurationList;
			buildConfigurations = (
				0356521E1A088F9100AEFC17 /* Debug */,
				0356521F1A088F9100AEFC17 /* Release */,
			);
			defaultConfigurationIsVisible = 0;
		};
		035652201A088F9100AEFC17 /* Build configuration list for PBXNativeTarget "SafeZoneLauncherTests" */ = {
			isa = XCConfigurationList;
			buildConfigurations = (
				035652211A088F9100AEFC17 /* Debug */,
				035652221A088F9100AEFC17 /* Release */,
			);
			defaultConfigurationIsVisible = 0;
		};
/* End XCConfigurationList section */
	};
	rootObject = 035651F21A088F9100AEFC17 /* Project object */;
}
